
Microsoft Visual Studio Solution File, Format Version 12.00
# Visual Studio Version 17
VisualStudioVersion = 17.14.36908.2 d17.14
MinimumVisualStudioVersion = 10.0.40219.1
Project("{FAE04EC0-301F-11D3-BF4B-00C04F79EFBC}") = "PolymorphismAssignment", "PolymorphismAssignment.csproj", "{3A51D421-C330-4D75-BE67-764F109B4C57}"
EndProject
Global
	GlobalSection(SolutionConfigurationPlatforms) = preSolution
		Debug|Any CPU = Debug|Any CPU
		Release|Any CPU = Release|Any CPU
	EndGlobalSection
	GlobalSection(ProjectConfigurationPlatforms) = postSolution
		{3A51D421-C330-4D75-BE67-764F109B4C57}.Debug|Any CPU.ActiveCfg = Debug|Any CPU
		{3A51D421-C330-4D75-BE67-764F109B4C57}.Debug|Any CPU.Build.0 = Debug|Any CPU
		{3A51D421-C330-4D75-BE67-764F109B4C57}.Release|Any CPU.ActiveCfg = Release|Any CPU
		{3A51D421-C330-4D75-BE67-764F109B4C57}.Release|Any CPU.Build.0 = Release|Any CPU
	EndGlobalSection
	GlobalSection(SolutionProperties) = preSolution
		HideSolutionNode = FALSE
	EndGlobalSection
	GlobalSection(ExtensibilityGlobals) = postSolution
		SolutionGuid = {BD650D40-8CD6-4E77-8BB8-0DFA40C9F5F2}
	EndGlobalSection
EndGlobal
