
Microsoft Visual Studio Solution File, Format Version 12.00
# Visual Studio Version 17
VisualStudioVersion = 17.14.36908.2 d17.14
MinimumVisualStudioVersion = 10.0.40219.1
Project("{FAE04EC0-301F-11D3-BF4B-00C04F79EFBC}") = "OperatorsAssignment", "OperatorsAssignment.csproj", "{563CB89A-77C1-454E-B4C9-E038B1E6C005}"
EndProject
Global
	GlobalSection(SolutionConfigurationPlatforms) = preSolution
		Debug|Any CPU = Debug|Any CPU
		Release|Any CPU = Release|Any CPU
	EndGlobalSection
	GlobalSection(ProjectConfigurationPlatforms) = postSolution
		{563CB89A-77C1-454E-B4C9-E038B1E6C005}.Debug|Any CPU.ActiveCfg = Debug|Any CPU
		{563CB89A-77C1-454E-B4C9-E038B1E6C005}.Debug|Any CPU.Build.0 = Debug|Any CPU
		{563CB89A-77C1-454E-B4C9-E038B1E6C005}.Release|Any CPU.ActiveCfg = Release|Any CPU
		{563CB89A-77C1-454E-B4C9-E038B1E6C005}.Release|Any CPU.Build.0 = Release|Any CPU
	EndGlobalSection
	GlobalSection(SolutionProperties) = preSolution
		HideSolutionNode = FALSE
	EndGlobalSection
	GlobalSection(ExtensibilityGlobals) = postSolution
		SolutionGuid = {D2B3B843-3B1F-4660-B815-37F15AD4CDB6}
	EndGlobalSection
EndGlobal
